// !$*UTF8*$!
{
	archiveVersion = 1;
	classes = {
	};
	objectVersion = 56;
	objects = {

/* Begin PBXBuildFile section */
		F0868EDA2B3650DF00865456 /* ThreeDRotationAnimationApp.swift in Sources */ = {isa = PBXBuildFile; fileRef = F0868ED92B3650DF00865456 /* ThreeDRotationAnimationApp.swift */; };
		F0868EDC2B3650DF00865456 /* ContentView.swift in Sources */ = {isa = PBXBuildFile; fileRef = F0868EDB2B3650DF00865456 /* ContentView.swift */; };
		F0868EDE2B3650E100865456 /* Assets.xcassets in Resources */ = {isa = PBXBuildFile; fileRef = F0868EDD2B3650E100865456 /* Assets.xcassets */; };
		F0868EE12B3650E100865456 /* Preview Assets.xcassets in Resources */ = {isa = PBXBuildFile; fileRef = F0868EE02B3650E100865456 /* Preview Assets.xcassets */; };
		F0868EEB2B3650E100865456 /* ThreeDRotationAnimationTests.swift in Sources */ = {isa = PBXBuildFile; fileRef = F0868EEA2B3650E100865456 /* ThreeDRotationAnimationTests.swift */; };
		F0868EF52B3650E100865456 /* ThreeDRotationAnimationUITests.swift in Sources */ = {isa = PBXBuildFile; fileRef = F0868EF42B3650E100865456 /* ThreeDRotationAnimationUITests.swift */; };
		F0868EF72B3650E100865456 /* ThreeDRotationAnimationUITestsLaunchTests.swift in Sources */ = {isa = PBXBuildFile; fileRef = F0868EF62B3650E100865456 /* ThreeDRotationAnimationUITestsLaunchTests.swift */; };
/* End PBXBuildFile section */

/* Begin PBXContainerItemProxy section */
		F0868EE72B3650E100865456 /* PBXContainerItemProxy */ = {
			isa = PBXContainerItemProxy;
			containerPortal = F0868ECE2B3650DF00865456 /* Project object */;
			proxyType = 1;
			remoteGlobalIDString = F0868ED52B3650DF00865456;
			remoteInfo = ThreeDRotationAnimation;
		};
		F0868EF12B3650E100865456 /* PBXContainerItemProxy */ = {
			isa = PBXContainerItemProxy;
			containerPortal = F0868ECE2B3650DF00865456 /* Project object */;
			proxyType = 1;
			remoteGlobalIDString = F0868ED52B3650DF00865456;
			remoteInfo = ThreeDRotationAnimation;
		};
/* End PBXContainerItemProxy section */

/* Begin PBXFileReference section */
		F0868ED62B3650DF00865456 /* ThreeDRotationAnimation.app */ = {isa = PBXFileReference; explicitFileType = wrapper.application; includeInIndex = 0; path = ThreeDRotationAnimation.app; sourceTree = BUILT_PRODUCTS_DIR; };
		F0868ED92B3650DF00865456 /* ThreeDRotationAnimationApp.swift */ = {isa = PBXFileReference; lastKnownFileType = sourcecode.swift; path = ThreeDRotationAnimationApp.swift; sourceTree = "<group>"; };
		F0868EDB2B3650DF00865456 /* ContentView.swift */ = {isa = PBXFileReference; lastKnownFileType = sourcecode.swift; path = ContentView.swift; sourceTree = "<group>"; };
		F0868EDD2B3650E100865456 /* Assets.xcassets */ = {isa = PBXFileReference; lastKnownFileType = folder.assetcatalog; path = Assets.xcassets; sourceTree = "<group>"; };
		F0868EE02B3650E100865456 /* Preview Assets.xcassets */ = {isa = PBXFileReference; lastKnownFileType = folder.assetcatalog; path = "Preview Assets.xcassets"; sourceTree = "<group>"; };
		F0868EE62B3650E100865456 /* ThreeDRotationAnimationTests.xctest */ = {isa = PBXFileReference; explicitFileType = wrapper.cfbundle; includeInIndex = 0; path = ThreeDRotationAnimationTests.xctest; sourceTree = BUILT_PRODUCTS_DIR; };
		F0868EEA2B3650E100865456 /* ThreeDRotationAnimationTests.swift */ = {isa = PBXFileReference; lastKnownFileType = sourcecode.swift; path = ThreeDRotationAnimationTests.swift; sourceTree = "<group>"; };
		F0868EF02B3650E100865456 /* ThreeDRotationAnimationUITests.xctest */ = {isa = PBXFileReference; explicitFileType = wrapper.cfbundle; includeInIndex = 0; path = ThreeDRotationAnimationUITests.xctest; sourceTree = BUILT_PRODUCTS_DIR; };
		F0868EF42B3650E100865456 /* ThreeDRotationAnimationUITests.swift */ = {isa = PBXFileReference; lastKnownFileType = sourcecode.swift; path = ThreeDRotationAnimationUITests.swift; sourceTree = "<group>"; };
		F0868EF62B3650E100865456 /* ThreeDRotationAnimationUITestsLaunchTests.swift */ = {isa = PBXFileReference; lastKnownFileType = sourcecode.swift; path = ThreeDRotationAnimationUITestsLaunchTests.swift; sourceTree = "<group>"; };
/* End PBXFileReference section */

/* Begin PBXFrameworksBuildPhase section */
		F0868ED32B3650DF00865456 /* Frameworks */ = {
			isa = PBXFrameworksBuildPhase;
			buildActionMask = 2147483647;
			files = (
			);
			runOnlyForDeploymentPostprocessing = 0;
		};
		F0868EE32B3650E100865456 /* Frameworks */ = {
			isa = PBXFrameworksBuildPhase;
			buildActionMask = 2147483647;
			files = (
			);
			runOnlyForDeploymentPostprocessing = 0;
		};
		F0868EED2B3650E100865456 /* Frameworks */ = {
			isa = PBXFrameworksBuildPhase;
			buildActionMask = 2147483647;
			files = (
			);
			runOnlyForDeploymentPostprocessing = 0;
		};
/* End PBXFrameworksBuildPhase section */

/* Begin PBXGroup section */
		F0868ECD2B3650DF00865456 = {
			isa = PBXGroup;
			children = (
				F0868ED82B3650DF00865456 /* ThreeDRotationAnimation */,
				F0868EE92B3650E100865456 /* ThreeDRotationAnimationTests */,
				F0868EF32B3650E100865456 /* ThreeDRotationAnimationUITests */,
				F0868ED72B3650DF00865456 /* Products */,
			);
			sourceTree = "<group>";
		};
		F0868ED72B3650DF00865456 /* Products */ = {
			isa = PBXGroup;
			children = (
				F0868ED62B3650DF00865456 /* ThreeDRotationAnimation.app */,
				F0868EE62B3650E100865456 /* ThreeDRotationAnimationTests.xctest */,
				F0868EF02B3650E100865456 /* ThreeDRotationAnimationUITests.xctest */,
			);
			name = Products;
			sourceTree = "<group>";
		};
		F0868ED82B3650DF00865456 /* ThreeDRotationAnimation */ = {
			isa = PBXGroup;
			children = (
				F0868ED92B3650DF00865456 /* ThreeDRotationAnimationApp.swift */,
				F0868EDB2B3650DF00865456 /* ContentView.swift */,
				F0868EDD2B3650E100865456 /* Assets.xcassets */,
				F0868EDF2B3650E100865456 /* Preview Content */,
			);
			path = ThreeDRotationAnimation;
			sourceTree = "<group>";
		};
		F0868EDF2B3650E100865456 /* Preview Content */ = {
			isa = PBXGroup;
			children = (
				F0868EE02B3650E100865456 /* Preview Assets.xcassets */,
			);
			path = "Preview Content";
			sourceTree = "<group>";
		};
		F0868EE92B3650E100865456 /* ThreeDRotationAnimationTests */ = {
			isa = PBXGroup;
			children = (
				F0868EEA2B3650E100865456 /* ThreeDRotationAnimationTests.swift */,
			);
			path = ThreeDRotationAnimationTests;
			sourceTree = "<group>";
		};
		F0868EF32B3650E100865456 /* ThreeDRotationAnimationUITests */ = {
			isa = PBXGroup;
			children = (
				F0868EF42B3650E100865456 /* ThreeDRotationAnimationUITests.swift */,
				F0868EF62B3650E100865456 /* ThreeDRotationAnimationUITestsLaunchTests.swift */,
			);
			path = ThreeDRotationAnimationUITests;
			sourceTree = "<group>";
		};
/* End PBXGroup section */

/* Begin PBXNativeTarget section */
		F0868ED52B3650DF00865456 /* ThreeDRotationAnimation */ = {
			isa = PBXNativeTarget;
			buildConfigurationList = F0868EFA2B3650E100865456 /* Build configuration list for PBXNativeTarget "ThreeDRotationAnimation" */;
			buildPhases = (
				F0868ED22B3650DF00865456 /* Sources */,
				F0868ED32B3650DF00865456 /* Frameworks */,
				F0868ED42B3650DF00865456 /* Resources */,
			);
			buildRules = (
			);
			dependencies = (
			);
			name = ThreeDRotationAnimation;
			productName = ThreeDRotationAnimation;
			productReference = F0868ED62B3650DF00865456 /* ThreeDRotationAnimation.app */;
			productType = "com.apple.product-type.application";
		};
		F0868EE52B3650E100865456 /* ThreeDRotationAnimationTests */ = {
			isa = PBXNativeTarget;
			buildConfigurationList = F0868EFD2B3650E100865456 /* Build configuration list for PBXNativeTarget "ThreeDRotationAnimationTests" */;
			buildPhases = (
				F0868EE22B3650E100865456 /* Sources */,
				F0868EE32B3650E100865456 /* Frameworks */,
				F0868EE42B3650E100865456 /* Resources */,
			);
			buildRules = (
			);
			dependencies = (
				F0868EE82B3650E100865456 /* PBXTargetDependency */,
			);
			name = ThreeDRotationAnimationTests;
			productName = ThreeDRotationAnimationTests;
			productReference = F0868EE62B3650E100865456 /* ThreeDRotationAnimationTests.xctest */;
			productType = "com.apple.product-type.bundle.unit-test";
		};
		F0868EEF2B3650E100865456 /* ThreeDRotationAnimationUITests */ = {
			isa = PBXNativeTarget;
			buildConfigurationList = F0868F002B3650E100865456 /* Build configuration list for PBXNativeTarget "ThreeDRotationAnimationUITests" */;
			buildPhases = (
				F0868EEC2B3650E100865456 /* Sources */,
				F0868EED2B3650E100865456 /* Frameworks */,
				F0868EEE2B3650E100865456 /* Resources */,
			);
			buildRules = (
			);
			dependencies = (
				F0868EF22B3650E100865456 /* PBXTargetDependency */,
			);
			name = ThreeDRotationAnimationUITests;
			productName = ThreeDRotationAnimationUITests;
			productReference = F0868EF02B3650E100865456 /* ThreeDRotationAnimationUITests.xctest */;
			productType = "com.apple.product-type.bundle.ui-testing";
		};
/* End PBXNativeTarget section */

/* Begin PBXProject section */
		F0868ECE2B3650DF00865456 /* Project object */ = {
			isa = PBXProject;
			attributes = {
				BuildIndependentTargetsInParallel = 1;
				LastSwiftUpdateCheck = 1430;
				LastUpgradeCheck = 1430;
				TargetAttributes = {
					F0868ED52B3650DF00865456 = {
						CreatedOnToolsVersion = 14.3.1;
					};
					F0868EE52B3650E100865456 = {
						CreatedOnToolsVersion = 14.3.1;
						TestTargetID = F0868ED52B3650DF00865456;
					};
					F0868EEF2B3650E100865456 = {
						CreatedOnToolsVersion = 14.3.1;
						TestTargetID = F0868ED52B3650DF00865456;
					};
				};
			};
			buildConfigurationList = F0868ED12B3650DF00865456 /* Build configuration list for PBXProject "ThreeDRotationAnimation" */;
			compatibilityVersion = "Xcode 14.0";
			developmentRegion = en;
			hasScannedForEncodings = 0;
			knownRegions = (
				en,
				Base,
			);
			mainGroup = F0868ECD2B3650DF00865456;
			productRefGroup = F0868ED72B3650DF00865456 /* Products */;
			projectDirPath = "";
			projectRoot = "";
			targets = (
				F0868ED52B3650DF00865456 /* ThreeDRotationAnimation */,
				F0868EE52B3650E100865456 /* ThreeDRotationAnimationTests */,
				F0868EEF2B3650E100865456 /* ThreeDRotationAnimationUITests */,
			);
		};
/* End PBXProject section */

/* Begin PBXResourcesBuildPhase section */
		F0868ED42B3650DF00865456 /* Resources */ = {
			isa = PBXResourcesBuildPhase;
			buildActionMask = 2147483647;
			files = (
				F0868EE12B3650E100865456 /* Preview Assets.xcassets in Resources */,
				F0868EDE2B3650E100865456 /* Assets.xcassets in Resources */,
			);
			runOnlyForDeploymentPostprocessing = 0;
		};
		F0868EE42B3650E100865456 /* Resources */ = {
			isa = PBXResourcesBuildPhase;
			buildActionMask = 2147483647;
			files = (
			);
			runOnlyForDeploymentPostprocessing = 0;
		};
		F0868EEE2B3650E100865456 /* Resources */ = {
			isa = PBXResourcesBuildPhase;
			buildActionMask = 2147483647;
			files = (
			);
			runOnlyForDeploymentPostprocessing = 0;
		};
/* End PBXResourcesBuildPhase section */

/* Begin PBXSourcesBuildPhase section */
		F0868ED22B3650DF00865456 /* Sources */ = {
			isa = PBXSourcesBuildPhase;
			buildActionMask = 2147483647;
			files = (
				F0868EDC2B3650DF00865456 /* ContentView.swift in Sources */,
				F0868EDA2B3650DF00865456 /* ThreeDRotationAnimationApp.swift in Sources */,
			);
			runOnlyForDeploymentPostprocessing = 0;
		};
		F0868EE22B3650E100865456 /* Sources */ = {
			isa = PBXSourcesBuildPhase;
			buildActionMask = 2147483647;
			files = (
				F0868EEB2B3650E100865456 /* ThreeDRotationAnimationTests.swift in Sources */,
			);
			runOnlyForDeploymentPostprocessing = 0;
		};
		F0868EEC2B3650E100865456 /* Sources */ = {
			isa = PBXSourcesBuildPhase;
			buildActionMask = 2147483647;
			files = (
				F0868EF52B3650E100865456 /* ThreeDRotationAnimationUITests.swift in Sources */,
				F0868EF72B3650E100865456 /* ThreeDRotationAnimationUITestsLaunchTests.swift in Sources */,
			);
			runOnlyForDeploymentPostprocessing = 0;
		};
/* End PBXSourcesBuildPhase section */

/* Begin PBXTargetDependency section */
		F0868EE82B3650E100865456 /* PBXTargetDependency */ = {
			isa = PBXTargetDependency;
			target = F0868ED52B3650DF00865456 /* ThreeDRotationAnimation */;
			targetProxy = F0868EE72B3650E100865456 /* PBXContainerItemProxy */;
		};
		F0868EF22B3650E100865456 /* PBXTargetDependency */ = {
			isa = PBXTargetDependency;
			target = F0868ED52B3650DF00865456 /* ThreeDRotationAnimation */;
			targetProxy = F0868EF12B3650E100865456 /* PBXContainerItemProxy */;
		};
/* End PBXTargetDependency section */

/* Begin XCBuildConfiguration section */
		F0868EF82B3650E100865456 /* Debug */ = {
			isa = XCBuildConfiguration;
			buildSettings = {
				ALWAYS_SEARCH_USER_PATHS = NO;
				CLANG_ANALYZER_NONNULL = YES;
				CLANG_ANALYZER_NUMBER_OBJECT_CONVERSION = YES_AGGRESSIVE;
				CLANG_CXX_LANGUAGE_STANDARD = "gnu++20";
				CLANG_ENABLE_MODULES = YES;
				CLANG_ENABLE_OBJC_ARC = YES;
				CLANG_ENABLE_OBJC_WEAK = YES;
				CLANG_WARN_BLOCK_CAPTURE_AUTORELEASING = YES;
				CLANG_WARN_BOOL_CONVERSION = YES;
				CLANG_WARN_COMMA = YES;
				CLANG_WARN_CONSTANT_CONVERSION = YES;
				CLANG_WARN_DEPRECATED_OBJC_IMPLEMENTATIONS = YES;
				CLANG_WARN_DIRECT_OBJC_ISA_USAGE = YES_ERROR;
				CLANG_WARN_DOCUMENTATION_COMMENTS = YES;
				CLANG_WARN_EMPTY_BODY = YES;
				CLANG_WARN_ENUM_CONVERSION = YES;
				CLANG_WARN_INFINITE_RECURSION = YES;
				CLANG_WARN_INT_CONVERSION = YES;
				CLANG_WARN_NON_LITERAL_NULL_CONVERSION = YES;
				CLANG_WARN_OBJC_IMPLICIT_RETAIN_SELF = YES;
				CLANG_WARN_OBJC_LITERAL_CONVERSION = YES;
				CLANG_WARN_OBJC_ROOT_CLASS = YES_ERROR;
				CLANG_WARN_QUOTED_INCLUDE_IN_FRAMEWORK_HEADER = YES;
				CLANG_WARN_RANGE_LOOP_ANALYSIS = YES;
				CLANG_WARN_STRICT_PROTOTYPES = YES;
				CLANG_WARN_SUSPICIOUS_MOVE = YES;
				CLANG_WARN_UNGUARDED_AVAILABILITY = YES_AGGRESSIVE;
				CLANG_WARN_UNREACHABLE_CODE = YES;
				CLANG_WARN__DUPLICATE_METHOD_MATCH = YES;
				COPY_PHASE_STRIP = NO;
				DEBUG_INFORMATION_FORMAT = dwarf;
				ENABLE_STRICT_OBJC_MSGSEND = YES;
				ENABLE_TESTABILITY = YES;
				GCC_C_LANGUAGE_STANDARD = gnu11;
				GCC_DYNAMIC_NO_PIC = NO;
				GCC_NO_COMMON_BLOCKS = YES;
				GCC_OPTIMIZATION_LEVEL = 0;
				GCC_PREPROCESSOR_DEFINITIONS = (
					"DEBUG=1",
					"$(inherited)",
				);
				GCC_WARN_64_TO_32_BIT_CONVERSION = YES;
				GCC_WARN_ABOUT_RETURN_TYPE = YES_ERROR;
				GCC_WARN_UNDECLARED_SELECTOR = YES;
				GCC_WARN_UNINITIALIZED_AUTOS = YES_AGGRESSIVE;
				GCC_WARN_UNUSED_FUNCTION = YES;
				GCC_WARN_UNUSED_VARIABLE = YES;
				IPHONEOS_DEPLOYMENT_TARGET = 16.4;
				MTL_ENABLE_DEBUG_INFO = INCLUDE_SOURCE;
				MTL_FAST_MATH = YES;
				ONLY_ACTIVE_ARCH = YES;
				SDKROOT = iphoneos;
				SWIFT_ACTIVE_COMPILATION_CONDITIONS = DEBUG;
				SWIFT_OPTIMIZATION_LEVEL = "-Onone";
			};
			name = Debug;
		};
		F0868EF92B3650E100865456 /* Release */ = {
			isa = XCBuildConfiguration;
			buildSettings = {
				ALWAYS_SEARCH_USER_PATHS = NO;
				CLANG_ANALYZER_NONNULL = YES;
				CLANG_ANALYZER_NUMBER_OBJECT_CONVERSION = YES_AGGRESSIVE;
				CLANG_CXX_LANGUAGE_STANDARD = "gnu++20";
				CLANG_ENABLE_MODULES = YES;
				CLANG_ENABLE_OBJC_ARC = YES;
				CLANG_ENABLE_OBJC_WEAK = YES;
				CLANG_WARN_BLOCK_CAPTURE_AUTORELEASING = YES;
				CLANG_WARN_BOOL_CONVERSION = YES;
				CLANG_WARN_COMMA = YES;
				CLANG_WARN_CONSTANT_CONVERSION = YES;
				CLANG_WARN_DEPRECATED_OBJC_IMPLEMENTATIONS = YES;
				CLANG_WARN_DIRECT_OBJC_ISA_USAGE = YES_ERROR;
				CLANG_WARN_DOCUMENTATION_COMMENTS = YES;
				CLANG_WARN_EMPTY_BODY = YES;
				CLANG_WARN_ENUM_CONVERSION = YES;
				CLANG_WARN_INFINITE_RECURSION = YES;
				CLANG_WARN_INT_CONVERSION = YES;
				CLANG_WARN_NON_LITERAL_NULL_CONVERSION = YES;
				CLANG_WARN_OBJC_IMPLICIT_RETAIN_SELF = YES;
				CLANG_WARN_OBJC_LITERAL_CONVERSION = YES;
				CLANG_WARN_OBJC_ROOT_CLASS = YES_ERROR;
				CLANG_WARN_QUOTED_INCLUDE_IN_FRAMEWORK_HEADER = YES;
				CLANG_WARN_RANGE_LOOP_ANALYSIS = YES;
				CLANG_WARN_STRICT_PROTOTYPES = YES;
				CLANG_WARN_SUSPICIOUS_MOVE = YES;
				CLANG_WARN_UNGUARDED_AVAILABILITY = YES_AGGRESSIVE;
				CLANG_WARN_UNREACHABLE_CODE = YES;
				CLANG_WARN__DUPLICATE_METHOD_MATCH = YES;
				COPY_PHASE_STRIP = NO;
				DEBUG_INFORMATION_FORMAT = "dwarf-with-dsym";
				ENABLE_NS_ASSERTIONS = NO;
				ENABLE_STRICT_OBJC_MSGSEND = YES;
				GCC_C_LANGUAGE_STANDARD = gnu11;
				GCC_NO_COMMON_BLOCKS = YES;
				GCC_WARN_64_TO_32_BIT_CONVERSION = YES;
				GCC_WARN_ABOUT_RETURN_TYPE = YES_ERROR;
				GCC_WARN_UNDECLARED_SELECTOR = YES;
				GCC_WARN_UNINITIALIZED_AUTOS = YES_AGGRESSIVE;
				GCC_WARN_UNUSED_FUNCTION = YES;
				GCC_WARN_UNUSED_VARIABLE = YES;
				IPHONEOS_DEPLOYMENT_TARGET = 16.4;
				MTL_ENABLE_DEBUG_INFO = NO;
				MTL_FAST_MATH = YES;
				SDKROOT = iphoneos;
				SWIFT_COMPILATION_MODE = wholemodule;
				SWIFT_OPTIMIZATION_LEVEL = "-O";
				VALIDATE_PRODUCT = YES;
			};
			name = Release;
		};
		F0868EFB2B3650E100865456 /* Debug */ = {
			isa = XCBuildConfiguration;
			buildSettings = {
				ASSETCATALOG_COMPILER_APPICON_NAME = AppIcon;
				ASSETCATALOG_COMPILER_GLOBAL_ACCENT_COLOR_NAME = AccentColor;
				CODE_SIGN_STYLE = Automatic;
				CURRENT_PROJECT_VERSION = 1;
				DEVELOPMENT_ASSET_PATHS = "\"ThreeDRotationAnimation/Preview Content\"";
				DEVELOPMENT_TEAM = 9FGCZRAZC6;
				ENABLE_PREVIEWS = YES;
				GENERATE_INFOPLIST_FILE = YES;
				INFOPLIST_KEY_UIApplicationSceneManifest_Generation = YES;
				INFOPLIST_KEY_UIApplicationSupportsIndirectInputEvents = YES;
				INFOPLIST_KEY_UILaunchScreen_Generation = YES;
				INFOPLIST_KEY_UISupportedInterfaceOrientations_iPad = "UIInterfaceOrientationPortrait UIInterfaceOrientationPortraitUpsideDown UIInterfaceOrientationLandscapeLeft UIInterfaceOrientationLandscapeRight";
				INFOPLIST_KEY_UISupportedInterfaceOrientations_iPhone = "UIInterfaceOrientationPortrait UIInterfaceOrientationLandscapeLeft UIInterfaceOrientationLandscapeRight";
				LD_RUNPATH_SEARCH_PATHS = (
					"$(inherited)",
					"@executable_path/Frameworks",
				);
				MARKETING_VERSION = 1.0;
				PRODUCT_BUNDLE_IDENTIFIER = brkdev.ThreeDRotationAnimation;
				PRODUCT_NAME = "$(TARGET_NAME)";
				SWIFT_EMIT_LOC_STRINGS = YES;
				SWIFT_VERSION = 5.0;
				TARGETED_DEVICE_FAMILY = "1,2";
			};
			name = Debug;
		};
		F0868EFC2B3650E100865456 /* Release */ = {
			isa = XCBuildConfiguration;
			buildSettings = {
				ASSETCATALOG_COMPILER_APPICON_NAME = AppIcon;
				ASSETCATALOG_COMPILER_GLOBAL_ACCENT_COLOR_NAME = AccentColor;
				CODE_SIGN_STYLE = Automatic;
				CURRENT_PROJECT_VERSION = 1;
				DEVELOPMENT_ASSET_PATHS = "\"ThreeDRotationAnimation/Preview Content\"";
				DEVELOPMENT_TEAM = 9FGCZRAZC6;
				ENABLE_PREVIEWS = YES;
				GENERATE_INFOPLIST_FILE = YES;
				INFOPLIST_KEY_UIApplicationSceneManifest_Generation = YES;
				INFOPLIST_KEY_UIApplicationSupportsIndirectInputEvents = YES;
				INFOPLIST_KEY_UILaunchScreen_Generation = YES;
				INFOPLIST_KEY_UISupportedInterfaceOrientations_iPad = "UIInterfaceOrientationPortrait UIInterfaceOrientationPortraitUpsideDown UIInterfaceOrientationLandscapeLeft UIInterfaceOrientationLandscapeRight";
				INFOPLIST_KEY_UISupportedInterfaceOrientations_iPhone = "UIInterfaceOrientationPortrait UIInterfaceOrientationLandscapeLeft UIInterfaceOrientationLandscapeRight";
				LD_RUNPATH_SEARCH_PATHS = (
					"$(inherited)",
					"@executable_path/Frameworks",
				);
				MARKETING_VERSION = 1.0;
				PRODUCT_BUNDLE_IDENTIFIER = brkdev.ThreeDRotationAnimation;
				PRODUCT_NAME = "$(TARGET_NAME)";
				SWIFT_EMIT_LOC_STRINGS = YES;
				SWIFT_VERSION = 5.0;
				TARGETED_DEVICE_FAMILY = "1,2";
			};
			name = Release;
		};
		F0868EFE2B3650E100865456 /* Debug */ = {
			isa = XCBuildConfiguration;
			buildSettings = {
				ALWAYS_EMBED_SWIFT_STANDARD_LIBRARIES = YES;
				BUNDLE_LOADER = "$(TEST_HOST)";
				CODE_SIGN_STYLE = Automatic;
				CURRENT_PROJECT_VERSION = 1;
				DEVELOPMENT_TEAM = 9FGCZRAZC6;
				GENERATE_INFOPLIST_FILE = YES;
				IPHONEOS_DEPLOYMENT_TARGET = 16.4;
				MARKETING_VERSION = 1.0;
				PRODUCT_BUNDLE_IDENTIFIER = brkdev.ThreeDRotationAnimationTests;
				PRODUCT_NAME = "$(TARGET_NAME)";
				SWIFT_EMIT_LOC_STRINGS = NO;
				SWIFT_VERSION = 5.0;
				TARGETED_DEVICE_FAMILY = "1,2";
				TEST_HOST = "$(BUILT_PRODUCTS_DIR)/ThreeDRotationAnimation.app/$(BUNDLE_EXECUTABLE_FOLDER_PATH)/ThreeDRotationAnimation";
			};
			name = Debug;
		};
		F0868EFF2B3650E100865456 /* Release */ = {
			isa = XCBuildConfiguration;
			buildSettings = {
				ALWAYS_EMBED_SWIFT_STANDARD_LIBRARIES = YES;
				BUNDLE_LOADER = "$(TEST_HOST)";
				CODE_SIGN_STYLE = Automatic;
				CURRENT_PROJECT_VERSION = 1;
				DEVELOPMENT_TEAM = 9FGCZRAZC6;
				GENERATE_INFOPLIST_FILE = YES;
				IPHONEOS_DEPLOYMENT_TARGET = 16.4;
				MARKETING_VERSION = 1.0;
				PRODUCT_BUNDLE_IDENTIFIER = brkdev.ThreeDRotationAnimationTests;
				PRODUCT_NAME = "$(TARGET_NAME)";
				SWIFT_EMIT_LOC_STRINGS = NO;
				SWIFT_VERSION = 5.0;
				TARGETED_DEVICE_FAMILY = "1,2";
				TEST_HOST = "$(BUILT_PRODUCTS_DIR)/ThreeDRotationAnimation.app/$(BUNDLE_EXECUTABLE_FOLDER_PATH)/ThreeDRotationAnimation";
			};
			name = Release;
		};
		F0868F012B3650E100865456 /* Debug */ = {
			isa = XCBuildConfiguration;
			buildSettings = {
				ALWAYS_EMBED_SWIFT_STANDARD_LIBRARIES = YES;
				CODE_SIGN_STYLE = Automatic;
				CURRENT_PROJECT_VERSION = 1;
				DEVELOPMENT_TEAM = 9FGCZRAZC6;
				GENERATE_INFOPLIST_FILE = YES;
				MARKETING_VERSION = 1.0;
				PRODUCT_BUNDLE_IDENTIFIER = brkdev.ThreeDRotationAnimationUITests;
				PRODUCT_NAME = "$(TARGET_NAME)";
				SWIFT_EMIT_LOC_STRINGS = NO;
				SWIFT_VERSION = 5.0;
				TARGETED_DEVICE_FAMILY = "1,2";
				TEST_TARGET_NAME = ThreeDRotationAnimation;
			};
			name = Debug;
		};
		F0868F022B3650E100865456 /* Release */ = {
			isa = XCBuildConfiguration;
			buildSettings = {
				ALWAYS_EMBED_SWIFT_STANDARD_LIBRARIES = YES;
				CODE_SIGN_STYLE = Automatic;
				CURRENT_PROJECT_VERSION = 1;
				DEVELOPMENT_TEAM = 9FGCZRAZC6;
				GENERATE_INFOPLIST_FILE = YES;
				MARKETING_VERSION = 1.0;
				PRODUCT_BUNDLE_IDENTIFIER = brkdev.ThreeDRotationAnimationUITests;
				PRODUCT_NAME = "$(TARGET_NAME)";
				SWIFT_EMIT_LOC_STRINGS = NO;
				SWIFT_VERSION = 5.0;
				TARGETED_DEVICE_FAMILY = "1,2";
				TEST_TARGET_NAME = ThreeDRotationAnimation;
			};
			name = Release;
		};
/* End XCBuildConfiguration section */

/* Begin XCConfigurationList section */
		F0868ED12B3650DF00865456 /* Build configuration list for PBXProject "ThreeDRotationAnimation" */ = {
			isa = XCConfigurationList;
			buildConfigurations = (
				F0868EF82B3650E100865456 /* Debug */,
				F0868EF92B3650E100865456 /* Release */,
			);
			defaultConfigurationIsVisible = 0;
			defaultConfigurationName = Release;
		};
		F0868EFA2B3650E100865456 /* Build configuration list for PBXNativeTarget "ThreeDRotationAnimation" */ = {
			isa = XCConfigurationList;
			buildConfigurations = (
				F0868EFB2B3650E100865456 /* Debug */,
				F0868EFC2B3650E100865456 /* Release */,
			);
			defaultConfigurationIsVisible = 0;
			defaultConfigurationName = Release;
		};
		F0868EFD2B3650E100865456 /* Build configuration list for PBXNativeTarget "ThreeDRotationAnimationTests" */ = {
			isa = XCConfigurationList;
			buildConfigurations = (
				F0868EFE2B3650E100865456 /* Debug */,
				F0868EFF2B3650E100865456 /* Release */,
			);
			defaultConfigurationIsVisible = 0;
			defaultConfigurationName = Release;
		};
		F0868F002B3650E100865456 /* Build configuration list for PBXNativeTarget "ThreeDRotationAnimationUITests" */ = {
			isa = XCConfigurationList;
			buildConfigurations = (
				F0868F012B3650E100865456 /* Debug */,
				F0868F022B3650E100865456 /* Release */,
			);
			defaultConfigurationIsVisible = 0;
			defaultConfigurationName = Release;
		};
/* End XCConfigurationList section */
	};
	rootObject = F0868ECE2B3650DF00865456 /* Project object */;
}
